
Microsoft Visual Studio Solution File, Format Version 12.00
# Visual Studio Version 16
VisualStudioVersion = 16.0.30907.101
MinimumVisualStudioVersion = 10.0.40219.1
Project("{FAE04EC0-301F-11D3-BF4B-00C04F79EFBC}") = "Website", "Website\Website.csproj", "{1F0883CC-4D68-4982-8446-4D7DBC3C405D}"
EndProject
Project("{2150E333-8FDC-42A3-9474-1A3956D46DE8}") = "SolutionItems", "SolutionItems", "{7EE3DA4B-7FDD-41F7-9663-22806DE18614}"
	ProjectSection(SolutionItems) = preProject
		settings.ruleset = settings.ruleset
		stylecop.json = stylecop.json
	EndProjectSection
EndProject
Global
	GlobalSection(SolutionConfigurationPlatforms) = preSolution
		Debug|Any CPU = Debug|Any CPU
		Release|Any CPU = Release|Any CPU
	EndGlobalSection
	GlobalSection(ProjectConfigurationPlatforms) = postSolution
		{1F0883CC-4D68-4982-8446-4D7DBC3C405D}.Debug|Any CPU.ActiveCfg = Debug|Any CPU
		{1F0883CC-4D68-4982-8446-4D7DBC3C405D}.Debug|Any CPU.Build.0 = Debug|Any CPU
		{1F0883CC-4D68-4982-8446-4D7DBC3C405D}.Release|Any CPU.ActiveCfg = Release|Any CPU
		{1F0883CC-4D68-4982-8446-4D7DBC3C405D}.Release|Any CPU.Build.0 = Release|Any CPU
	EndGlobalSection
	GlobalSection(SolutionProperties) = preSolution
		HideSolutionNode = FALSE
	EndGlobalSection
	GlobalSection(ExtensibilityGlobals) = postSolution
		SolutionGuid = {E211DFA9-5882-4901-AD71-832FA2779FBB}
	EndGlobalSection
EndGlobal
